// !$*UTF8*$!
{
	archiveVersion = 1;
	classes = {
	};
	objectVersion = 51;
	objects = {

/* Begin PBXBuildFile section */
		4CE8B2D3BCE153C2625F62CA /* Pods_MVVMExample.framework in Frameworks */ = {isa = PBXBuildFile; fileRef = 9B954CF14B5B0E429383FE9B /* Pods_MVVMExample.framework */; };
		C3A73A6F230E9A370053FAA2 /* AppDelegate.swift in Sources */ = {isa = PBXBuildFile; fileRef = C3A73A6E230E9A370053FAA2 /* AppDelegate.swift */; };
		C3A73A71230E9A370053FAA2 /* ViewController.swift in Sources */ = {isa = PBXBuildFile; fileRef = C3A73A70230E9A370053FAA2 /* ViewController.swift */; };
		C3A73A74230E9A370053FAA2 /* Main.storyboard in Resources */ = {isa = PBXBuildFile; fileRef = C3A73A72230E9A370053FAA2 /* Main.storyboard */; };
		C3A73A76230E9A410053FAA2 /* Assets.xcassets in Resources */ = {isa = PBXBuildFile; fileRef = C3A73A75230E9A410053FAA2 /* Assets.xcassets */; };
		C3A73A79230E9A410053FAA2 /* LaunchScreen.storyboard in Resources */ = {isa = PBXBuildFile; fileRef = C3A73A77230E9A410053FAA2 /* LaunchScreen.storyboard */; };
		C3A73A81230E9C0C0053FAA2 /* AuthorizedHandler.swift in Sources */ = {isa = PBXBuildFile; fileRef = C3A73A80230E9C0C0053FAA2 /* AuthorizedHandler.swift */; };
		C3A73A83230E9C920053FAA2 /* LDAPIManager.swift in Sources */ = {isa = PBXBuildFile; fileRef = C3A73A82230E9C920053FAA2 /* LDAPIManager.swift */; };
		C3A73A85230EB5640053FAA2 /* cast.swift in Sources */ = {isa = PBXBuildFile; fileRef = C3A73A84230EB5640053FAA2 /* cast.swift */; };
/* End PBXBuildFile section */

/* Begin PBXFileReference section */
		02F36A729541E16ED806F55D /* Pods-MVVMExample.release.xcconfig */ = {isa = PBXFileReference; includeInIndex = 1; lastKnownFileType = text.xcconfig; name = "Pods-MVVMExample.release.xcconfig"; path = "Target Support Files/Pods-MVVMExample/Pods-MVVMExample.release.xcconfig"; sourceTree = "<group>"; };
		0F334ED836C15C28561FB453 /* Pods-MVVMExample.debug.xcconfig */ = {isa = PBXFileReference; includeInIndex = 1; lastKnownFileType = text.xcconfig; name = "Pods-MVVMExample.debug.xcconfig"; path = "Target Support Files/Pods-MVVMExample/Pods-MVVMExample.debug.xcconfig"; sourceTree = "<group>"; };
		9B954CF14B5B0E429383FE9B /* Pods_MVVMExample.framework */ = {isa = PBXFileReference; explicitFileType = wrapper.framework; includeInIndex = 0; path = Pods_MVVMExample.framework; sourceTree = BUILT_PRODUCTS_DIR; };
		C3A73A6B230E9A370053FAA2 /* MVVMExample.app */ = {isa = PBXFileReference; explicitFileType = wrapper.application; includeInIndex = 0; path = MVVMExample.app; sourceTree = BUILT_PRODUCTS_DIR; };
		C3A73A6E230E9A370053FAA2 /* AppDelegate.swift */ = {isa = PBXFileReference; lastKnownFileType = sourcecode.swift; path = AppDelegate.swift; sourceTree = "<group>"; };
		C3A73A70230E9A370053FAA2 /* ViewController.swift */ = {isa = PBXFileReference; lastKnownFileType = sourcecode.swift; path = ViewController.swift; sourceTree = "<group>"; };
		C3A73A73230E9A370053FAA2 /* Base */ = {isa = PBXFileReference; lastKnownFileType = file.storyboard; name = Base; path = Base.lproj/Main.storyboard; sourceTree = "<group>"; };
		C3A73A75230E9A410053FAA2 /* Assets.xcassets */ = {isa = PBXFileReference; lastKnownFileType = folder.assetcatalog; path = Assets.xcassets; sourceTree = "<group>"; };
		C3A73A78230E9A410053FAA2 /* Base */ = {isa = PBXFileReference; lastKnownFileType = file.storyboard; name = Base; path = Base.lproj/LaunchScreen.storyboard; sourceTree = "<group>"; };
		C3A73A7A230E9A410053FAA2 /* Info.plist */ = {isa = PBXFileReference; lastKnownFileType = text.plist.xml; path = Info.plist; sourceTree = "<group>"; };
		C3A73A80230E9C0C0053FAA2 /* AuthorizedHandler.swift */ = {isa = PBXFileReference; fileEncoding = 4; lastKnownFileType = sourcecode.swift; path = AuthorizedHandler.swift; sourceTree = "<group>"; };
		C3A73A82230E9C920053FAA2 /* LDAPIManager.swift */ = {isa = PBXFileReference; lastKnownFileType = sourcecode.swift; path = LDAPIManager.swift; sourceTree = "<group>"; };
		C3A73A84230EB5640053FAA2 /* cast.swift */ = {isa = PBXFileReference; lastKnownFileType = sourcecode.swift; path = cast.swift; sourceTree = "<group>"; };
/* End PBXFileReference section */

/* Begin PBXFrameworksBuildPhase section */
		C3A73A68230E9A370053FAA2 /* Frameworks */ = {
			isa = PBXFrameworksBuildPhase;
			buildActionMask = 2147483647;
			files = (
				4CE8B2D3BCE153C2625F62CA /* Pods_MVVMExample.framework in Frameworks */,
			);
			runOnlyForDeploymentPostprocessing = 0;
		};
/* End PBXFrameworksBuildPhase section */

/* Begin PBXGroup section */
		00EDA0293EA228A23AA65EB3 /* Pods */ = {
			isa = PBXGroup;
			children = (
				0F334ED836C15C28561FB453 /* Pods-MVVMExample.debug.xcconfig */,
				02F36A729541E16ED806F55D /* Pods-MVVMExample.release.xcconfig */,
			);
			path = Pods;
			sourceTree = "<group>";
		};
		44D67AF3FBB5A0B0D7FF21D0 /* Frameworks */ = {
			isa = PBXGroup;
			children = (
				9B954CF14B5B0E429383FE9B /* Pods_MVVMExample.framework */,
			);
			name = Frameworks;
			sourceTree = "<group>";
		};
		C3A73A62230E9A370053FAA2 = {
			isa = PBXGroup;
			children = (
				C3A73A6D230E9A370053FAA2 /* MVVMExample */,
				C3A73A6C230E9A370053FAA2 /* Products */,
				00EDA0293EA228A23AA65EB3 /* Pods */,
				44D67AF3FBB5A0B0D7FF21D0 /* Frameworks */,
			);
			sourceTree = "<group>";
		};
		C3A73A6C230E9A370053FAA2 /* Products */ = {
			isa = PBXGroup;
			children = (
				C3A73A6B230E9A370053FAA2 /* MVVMExample.app */,
			);
			name = Products;
			sourceTree = "<group>";
		};
		C3A73A6D230E9A370053FAA2 /* MVVMExample */ = {
			isa = PBXGroup;
			children = (
				C3A73A80230E9C0C0053FAA2 /* AuthorizedHandler.swift */,
				C3A73A6E230E9A370053FAA2 /* AppDelegate.swift */,
				C3A73A70230E9A370053FAA2 /* ViewController.swift */,
				C3A73A72230E9A370053FAA2 /* Main.storyboard */,
				C3A73A75230E9A410053FAA2 /* Assets.xcassets */,
				C3A73A77230E9A410053FAA2 /* LaunchScreen.storyboard */,
				C3A73A7A230E9A410053FAA2 /* Info.plist */,
				C3A73A82230E9C920053FAA2 /* LDAPIManager.swift */,
				C3A73A84230EB5640053FAA2 /* cast.swift */,
			);
			path = MVVMExample;
			sourceTree = "<group>";
		};
/* End PBXGroup section */

/* Begin PBXNativeTarget section */
		C3A73A6A230E9A370053FAA2 /* MVVMExample */ = {
			isa = PBXNativeTarget;
			buildConfigurationList = C3A73A7D230E9A410053FAA2 /* Build configuration list for PBXNativeTarget "MVVMExample" */;
			buildPhases = (
				57641573EFB47693C92ADBBD /* [CP] Check Pods Manifest.lock */,
				C3A73A67230E9A370053FAA2 /* Sources */,
				C3A73A68230E9A370053FAA2 /* Frameworks */,
				C3A73A69230E9A370053FAA2 /* Resources */,
				AE9B0A4D31266990C52EEEEE /* [CP] Embed Pods Frameworks */,
			);
			buildRules = (
			);
			dependencies = (
			);
			name = MVVMExample;
			productName = MVVMExample;
			productReference = C3A73A6B230E9A370053FAA2 /* MVVMExample.app */;
			productType = "com.apple.product-type.application";
		};
/* End PBXNativeTarget section */

/* Begin PBXProject section */
		C3A73A63230E9A370053FAA2 /* Project object */ = {
			isa = PBXProject;
			attributes = {
				LastSwiftUpdateCheck = 1020;
				LastUpgradeCheck = 1020;
				ORGANIZATIONNAME = TMFC;
				TargetAttributes = {
					C3A73A6A230E9A370053FAA2 = {
						CreatedOnToolsVersion = 10.2;
					};
				};
			};
			buildConfigurationList = C3A73A66230E9A370053FAA2 /* Build configuration list for PBXProject "MVVMExample" */;
			compatibilityVersion = "Xcode 9.3";
			developmentRegion = en;
			hasScannedForEncodings = 0;
			knownRegions = (
				en,
				Base,
			);
			mainGroup = C3A73A62230E9A370053FAA2;
			productRefGroup = C3A73A6C230E9A370053FAA2 /* Products */;
			projectDirPath = "";
			projectRoot = "";
			targets = (
				C3A73A6A230E9A370053FAA2 /* MVVMExample */,
			);
		};
/* End PBXProject section */

/* Begin PBXResourcesBuildPhase section */
		C3A73A69230E9A370053FAA2 /* Resources */ = {
			isa = PBXResourcesBuildPhase;
			buildActionMask = 2147483647;
			files = (
				C3A73A79230E9A410053FAA2 /* LaunchScreen.storyboard in Resources */,
				C3A73A76230E9A410053FAA2 /* Assets.xcassets in Resources */,
				C3A73A74230E9A370053FAA2 /* Main.storyboard in Resources */,
			);
			runOnlyForDeploymentPostprocessing = 0;
		};
/* End PBXResourcesBuildPhase section */

/* Begin PBXShellScriptBuildPhase section */
		57641573EFB47693C92ADBBD /* [CP] Check Pods Manifest.lock */ = {
			isa = PBXShellScriptBuildPhase;
			buildActionMask = 2147483647;
			files = (
			);
			inputFileListPaths = (
			);
			inputPaths = (
				"${PODS_PODFILE_DIR_PATH}/Podfile.lock",
				"${PODS_ROOT}/Manifest.lock",
			);
			name = "[CP] Check Pods Manifest.lock";
			outputFileListPaths = (
			);
			outputPaths = (
				"$(DERIVED_FILE_DIR)/Pods-MVVMExample-checkManifestLockResult.txt",
			);
			runOnlyForDeploymentPostprocessing = 0;
			shellPath = /bin/sh;
			shellScript = "diff \"${PODS_PODFILE_DIR_PATH}/Podfile.lock\" \"${PODS_ROOT}/Manifest.lock\" > /dev/null\nif [ $? != 0 ] ; then\n    # print error to STDERR\n    echo \"error: The sandbox is not in sync with the Podfile.lock. Run 'pod install' or update your CocoaPods installation.\" >&2\n    exit 1\nfi\n# This output is used by Xcode 'outputs' to avoid re-running this script phase.\necho \"SUCCESS\" > \"${SCRIPT_OUTPUT_FILE_0}\"\n";
			showEnvVarsInLog = 0;
		};
		AE9B0A4D31266990C52EEEEE /* [CP] Embed Pods Frameworks */ = {
			isa = PBXShellScriptBuildPhase;
			buildActionMask = 2147483647;
			files = (
			);
			inputFileListPaths = (
				"${PODS_ROOT}/Target Support Files/Pods-MVVMExample/Pods-MVVMExample-frameworks-${CONFIGURATION}-input-files.xcfilelist",
			);
			name = "[CP] Embed Pods Frameworks";
			outputFileListPaths = (
				"${PODS_ROOT}/Target Support Files/Pods-MVVMExample/Pods-MVVMExample-frameworks-${CONFIGURATION}-output-files.xcfilelist",
			);
			runOnlyForDeploymentPostprocessing = 0;
			shellPath = /bin/sh;
			shellScript = "\"${PODS_ROOT}/Target Support Files/Pods-MVVMExample/Pods-MVVMExample-frameworks.sh\"\n";
			showEnvVarsInLog = 0;
		};
/* End PBXShellScriptBuildPhase section */

/* Begin PBXSourcesBuildPhase section */
		C3A73A67230E9A370053FAA2 /* Sources */ = {
			isa = PBXSourcesBuildPhase;
			buildActionMask = 2147483647;
			files = (
				C3A73A71230E9A370053FAA2 /* ViewController.swift in Sources */,
				C3A73A6F230E9A370053FAA2 /* AppDelegate.swift in Sources */,
				C3A73A83230E9C920053FAA2 /* LDAPIManager.swift in Sources */,
				C3A73A85230EB5640053FAA2 /* cast.swift in Sources */,
				C3A73A81230E9C0C0053FAA2 /* AuthorizedHandler.swift in Sources */,
			);
			runOnlyForDeploymentPostprocessing = 0;
		};
/* End PBXSourcesBuildPhase section */

/* Begin PBXVariantGroup section */
		C3A73A72230E9A370053FAA2 /* Main.storyboard */ = {
			isa = PBXVariantGroup;
			children = (
				C3A73A73230E9A370053FAA2 /* Base */,
			);
			name = Main.storyboard;
			sourceTree = "<group>";
		};
		C3A73A77230E9A410053FAA2 /* LaunchScreen.storyboard */ = {
			isa = PBXVariantGroup;
			children = (
				C3A73A78230E9A410053FAA2 /* Base */,
			);
			name = LaunchScreen.storyboard;
			sourceTree = "<group>";
		};
/* End PBXVariantGroup section */

/* Begin XCBuildConfiguration section */
		C3A73A7B230E9A410053FAA2 /* Debug */ = {
			isa = XCBuildConfiguration;
			buildSettings = {
				ALWAYS_SEARCH_USER_PATHS = NO;
				CLANG_ANALYZER_NONNULL = YES;
				CLANG_ANALYZER_NUMBER_OBJECT_CONVERSION = YES_AGGRESSIVE;
				CLANG_CXX_LANGUAGE_STANDARD = "gnu++14";
				CLANG_CXX_LIBRARY = "libc++";
				CLANG_ENABLE_MODULES = YES;
				CLANG_ENABLE_OBJC_ARC = YES;
				CLANG_ENABLE_OBJC_WEAK = YES;
				CLANG_WARN_BLOCK_CAPTURE_AUTORELEASING = YES;
				CLANG_WARN_BOOL_CONVERSION = YES;
				CLANG_WARN_COMMA = YES;
				CLANG_WARN_CONSTANT_CONVERSION = YES;
				CLANG_WARN_DEPRECATED_OBJC_IMPLEMENTATIONS = YES;
				CLANG_WARN_DIRECT_OBJC_ISA_USAGE = YES_ERROR;
				CLANG_WARN_DOCUMENTATION_COMMENTS = YES;
				CLANG_WARN_EMPTY_BODY = YES;
				CLANG_WARN_ENUM_CONVERSION = YES;
				CLANG_WARN_INFINITE_RECURSION = YES;
				CLANG_WARN_INT_CONVERSION = YES;
				CLANG_WARN_NON_LITERAL_NULL_CONVERSION = YES;
				CLANG_WARN_OBJC_IMPLICIT_RETAIN_SELF = YES;
				CLANG_WARN_OBJC_LITERAL_CONVERSION = YES;
				CLANG_WARN_OBJC_ROOT_CLASS = YES_ERROR;
				CLANG_WARN_RANGE_LOOP_ANALYSIS = YES;
				CLANG_WARN_STRICT_PROTOTYPES = YES;
				CLANG_WARN_SUSPICIOUS_MOVE = YES;
				CLANG_WARN_UNGUARDED_AVAILABILITY = YES_AGGRESSIVE;
				CLANG_WARN_UNREACHABLE_CODE = YES;
				CLANG_WARN__DUPLICATE_METHOD_MATCH = YES;
				CODE_SIGN_IDENTITY = "iPhone Developer";
				COPY_PHASE_STRIP = NO;
				DEBUG_INFORMATION_FORMAT = dwarf;
				ENABLE_STRICT_OBJC_MSGSEND = YES;
				ENABLE_TESTABILITY = YES;
				GCC_C_LANGUAGE_STANDARD = gnu11;
				GCC_DYNAMIC_NO_PIC = NO;
				GCC_NO_COMMON_BLOCKS = YES;
				GCC_OPTIMIZATION_LEVEL = 0;
				GCC_PREPROCESSOR_DEFINITIONS = (
					"DEBUG=1",
					"$(inherited)",
				);
				GCC_WARN_64_TO_32_BIT_CONVERSION = YES;
				GCC_WARN_ABOUT_RETURN_TYPE = YES_ERROR;
				GCC_WARN_UNDECLARED_SELECTOR = YES;
				GCC_WARN_UNINITIALIZED_AUTOS = YES_AGGRESSIVE;
				GCC_WARN_UNUSED_FUNCTION = YES;
				GCC_WARN_UNUSED_VARIABLE = YES;
				IPHONEOS_DEPLOYMENT_TARGET = 12.2;
				MTL_ENABLE_DEBUG_INFO = INCLUDE_SOURCE;
				MTL_FAST_MATH = YES;
				ONLY_ACTIVE_ARCH = YES;
				SDKROOT = iphoneos;
				SWIFT_ACTIVE_COMPILATION_CONDITIONS = DEBUG;
				SWIFT_OPTIMIZATION_LEVEL = "-Onone";
			};
			name = Debug;
		};
		C3A73A7C230E9A410053FAA2 /* Release */ = {
			isa = XCBuildConfiguration;
			buildSettings = {
				ALWAYS_SEARCH_USER_PATHS = NO;
				CLANG_ANALYZER_NONNULL = YES;
				CLANG_ANALYZER_NUMBER_OBJECT_CONVERSION = YES_AGGRESSIVE;
				CLANG_CXX_LANGUAGE_STANDARD = "gnu++14";
				CLANG_CXX_LIBRARY = "libc++";
				CLANG_ENABLE_MODULES = YES;
				CLANG_ENABLE_OBJC_ARC = YES;
				CLANG_ENABLE_OBJC_WEAK = YES;
				CLANG_WARN_BLOCK_CAPTURE_AUTORELEASING = YES;
				CLANG_WARN_BOOL_CONVERSION = YES;
				CLANG_WARN_COMMA = YES;
				CLANG_WARN_CONSTANT_CONVERSION = YES;
				CLANG_WARN_DEPRECATED_OBJC_IMPLEMENTATIONS = YES;
				CLANG_WARN_DIRECT_OBJC_ISA_USAGE = YES_ERROR;
				CLANG_WARN_DOCUMENTATION_COMMENTS = YES;
				CLANG_WARN_EMPTY_BODY = YES;
				CLANG_WARN_ENUM_CONVERSION = YES;
				CLANG_WARN_INFINITE_RECURSION = YES;
				CLANG_WARN_INT_CONVERSION = YES;
				CLANG_WARN_NON_LITERAL_NULL_CONVERSION = YES;
				CLANG_WARN_OBJC_IMPLICIT_RETAIN_SELF = YES;
				CLANG_WARN_OBJC_LITERAL_CONVERSION = YES;
				CLANG_WARN_OBJC_ROOT_CLASS = YES_ERROR;
				CLANG_WARN_RANGE_LOOP_ANALYSIS = YES;
				CLANG_WARN_STRICT_PROTOTYPES = YES;
				CLANG_WARN_SUSPICIOUS_MOVE = YES;
				CLANG_WARN_UNGUARDED_AVAILABILITY = YES_AGGRESSIVE;
				CLANG_WARN_UNREACHABLE_CODE = YES;
				CLANG_WARN__DUPLICATE_METHOD_MATCH = YES;
				CODE_SIGN_IDENTITY = "iPhone Developer";
				COPY_PHASE_STRIP = NO;
				DEBUG_INFORMATION_FORMAT = "dwarf-with-dsym";
				ENABLE_NS_ASSERTIONS = NO;
				ENABLE_STRICT_OBJC_MSGSEND = YES;
				GCC_C_LANGUAGE_STANDARD = gnu11;
				GCC_NO_COMMON_BLOCKS = YES;
				GCC_WARN_64_TO_32_BIT_CONVERSION = YES;
				GCC_WARN_ABOUT_RETURN_TYPE = YES_ERROR;
				GCC_WARN_UNDECLARED_SELECTOR = YES;
				GCC_WARN_UNINITIALIZED_AUTOS = YES_AGGRESSIVE;
				GCC_WARN_UNUSED_FUNCTION = YES;
				GCC_WARN_UNUSED_VARIABLE = YES;
				IPHONEOS_DEPLOYMENT_TARGET = 12.2;
				MTL_ENABLE_DEBUG_INFO = NO;
				MTL_FAST_MATH = YES;
				SDKROOT = iphoneos;
				SWIFT_COMPILATION_MODE = wholemodule;
				SWIFT_OPTIMIZATION_LEVEL = "-O";
				VALIDATE_PRODUCT = YES;
			};
			name = Release;
		};
		C3A73A7E230E9A410053FAA2 /* Debug */ = {
			isa = XCBuildConfiguration;
			baseConfigurationReference = 0F334ED836C15C28561FB453 /* Pods-MVVMExample.debug.xcconfig */;
			buildSettings = {
				ASSETCATALOG_COMPILER_APPICON_NAME = AppIcon;
				CODE_SIGN_STYLE = Automatic;
				DEVELOPMENT_TEAM = U45BB77AQ5;
				INFOPLIST_FILE = MVVMExample/Info.plist;
				LD_RUNPATH_SEARCH_PATHS = (
					"$(inherited)",
					"@executable_path/Frameworks",
				);
				PRODUCT_BUNDLE_IDENTIFIER = com.IDMValidate.IDMValidate1;
				PRODUCT_NAME = "$(TARGET_NAME)";
				SWIFT_VERSION = 5.0;
				TARGETED_DEVICE_FAMILY = "1,2";
			};
			name = Debug;
		};
		C3A73A7F230E9A410053FAA2 /* Release */ = {
			isa = XCBuildConfiguration;
			baseConfigurationReference = 02F36A729541E16ED806F55D /* Pods-MVVMExample.release.xcconfig */;
			buildSettings = {
				ASSETCATALOG_COMPILER_APPICON_NAME = AppIcon;
				CODE_SIGN_STYLE = Automatic;
				DEVELOPMENT_TEAM = U45BB77AQ5;
				INFOPLIST_FILE = MVVMExample/Info.plist;
				LD_RUNPATH_SEARCH_PATHS = (
					"$(inherited)",
					"@executable_path/Frameworks",
				);
				PRODUCT_BUNDLE_IDENTIFIER = com.IDMValidate.IDMValidate1;
				PRODUCT_NAME = "$(TARGET_NAME)";
				SWIFT_VERSION = 5.0;
				TARGETED_DEVICE_FAMILY = "1,2";
			};
			name = Release;
		};
/* End XCBuildConfiguration section */

/* Begin XCConfigurationList section */
		C3A73A66230E9A370053FAA2 /* Build configuration list for PBXProject "MVVMExample" */ = {
			isa = XCConfigurationList;
			buildConfigurations = (
				C3A73A7B230E9A410053FAA2 /* Debug */,
				C3A73A7C230E9A410053FAA2 /* Release */,
			);
			defaultConfigurationIsVisible = 0;
			defaultConfigurationName = Release;
		};
		C3A73A7D230E9A410053FAA2 /* Build configuration list for PBXNativeTarget "MVVMExample" */ = {
			isa = XCConfigurationList;
			buildConfigurations = (
				C3A73A7E230E9A410053FAA2 /* Debug */,
				C3A73A7F230E9A410053FAA2 /* Release */,
			);
			defaultConfigurationIsVisible = 0;
			defaultConfigurationName = Release;
		};
/* End XCConfigurationList section */
	};
	rootObject = C3A73A63230E9A370053FAA2 /* Project object */;
}
